
Microsoft Visual Studio Solution File, Format Version 12.00
# Visual Studio Version 17
VisualStudioVersion = 17.11.35327.3
MinimumVisualStudioVersion = 10.0.40219.1
Project("{9A19103F-16F7-4668-BE54-9A1E7A4F7556}") = "AdminUserLibrary", "AdminUserLibrary\AdminUserLibrary.csproj", "{D6F68211-295E-4B77-8278-7A98E803CB1F}"
EndProject
Project("{9A19103F-16F7-4668-BE54-9A1E7A4F7556}") = "AdminUserLibrary.Tests", "AdminUserLibrary.Tests\AdminUserLibrary.Tests.csproj", "{E81E6306-19AF-4AF6-90B2-3B2164AB6A6E}"
EndProject
Global
	GlobalSection(SolutionConfigurationPlatforms) = preSolution
		Debug|Any CPU = Debug|Any CPU
		Release|Any CPU = Release|Any CPU
	EndGlobalSection
	GlobalSection(ProjectConfigurationPlatforms) = postSolution
		{D6F68211-295E-4B77-8278-7A98E803CB1F}.Debug|Any CPU.ActiveCfg = Debug|Any CPU
		{D6F68211-295E-4B77-8278-7A98E803CB1F}.Debug|Any CPU.Build.0 = Debug|Any CPU
		{D6F68211-295E-4B77-8278-7A98E803CB1F}.Release|Any CPU.ActiveCfg = Release|Any CPU
		{D6F68211-295E-4B77-8278-7A98E803CB1F}.Release|Any CPU.Build.0 = Release|Any CPU
		{E81E6306-19AF-4AF6-90B2-3B2164AB6A6E}.Debug|Any CPU.ActiveCfg = Debug|Any CPU
		{E81E6306-19AF-4AF6-90B2-3B2164AB6A6E}.Debug|Any CPU.Build.0 = Debug|Any CPU
		{E81E6306-19AF-4AF6-90B2-3B2164AB6A6E}.Release|Any CPU.ActiveCfg = Release|Any CPU
		{E81E6306-19AF-4AF6-90B2-3B2164AB6A6E}.Release|Any CPU.Build.0 = Release|Any CPU
	EndGlobalSection
	GlobalSection(SolutionProperties) = preSolution
		HideSolutionNode = FALSE
	EndGlobalSection
	GlobalSection(ExtensibilityGlobals) = postSolution
		SolutionGuid = {C19F070B-F166-4E8E-9C98-1D0D3B4471F4}
	EndGlobalSection
EndGlobal
